
Microsoft Visual Studio Solution File, Format Version 12.00
# Visual Studio Version 17
VisualStudioVersion = 17.11.35312.102
MinimumVisualStudioVersion = 10.0.40219.1
Project("{FAE04EC0-301F-11D3-BF4B-00C04F79EFBC}") = "while", "while\while.csproj", "{537BB424-3EB8-4B38-9BEF-BA724B80A842}"
EndProject
Global
	GlobalSection(SolutionConfigurationPlatforms) = preSolution
		Debug|Any CPU = Debug|Any CPU
		Release|Any CPU = Release|Any CPU
	EndGlobalSection
	GlobalSection(ProjectConfigurationPlatforms) = postSolution
		{537BB424-3EB8-4B38-9BEF-BA724B80A842}.Debug|Any CPU.ActiveCfg = Debug|Any CPU
		{537BB424-3EB8-4B38-9BEF-BA724B80A842}.Debug|Any CPU.Build.0 = Debug|Any CPU
		{537BB424-3EB8-4B38-9BEF-BA724B80A842}.Release|Any CPU.ActiveCfg = Release|Any CPU
		{537BB424-3EB8-4B38-9BEF-BA724B80A842}.Release|Any CPU.Build.0 = Release|Any CPU
	EndGlobalSection
	GlobalSection(SolutionProperties) = preSolution
		HideSolutionNode = FALSE
	EndGlobalSection
	GlobalSection(ExtensibilityGlobals) = postSolution
		SolutionGuid = {C241E577-9C9B-4008-9DCF-1344551C651C}
	EndGlobalSection
EndGlobal
